
Microsoft Visual Studio Solution File, Format Version 12.00
# Visual Studio Version 17
VisualStudioVersion = 17.9.34622.214
MinimumVisualStudioVersion = 10.0.40219.1
Project("{FAE04EC0-301F-11D3-BF4B-00C04F79EFBC}") = "HotelBookingAppClassLibrary", "HotelBookingAppClassLibrary\HotelBookingAppClassLibrary.csproj", "{15188D6D-22FF-41CC-B0CB-41B18F530CF6}"
EndProject
Project("{00D1A9C2-B5F0-4AF3-8072-F6C62B433612}") = "HotelBookingAppSQLServerDb", "HotelBookingAppSQLServerDb\HotelBookingAppSQLServerDb.sqlproj", "{77E8F919-FE54-4916-BAC7-7DBAA2FAA22A}"
EndProject
Global
	GlobalSection(SolutionConfigurationPlatforms) = preSolution
		Debug|Any CPU = Debug|Any CPU
		Release|Any CPU = Release|Any CPU
	EndGlobalSection
	GlobalSection(ProjectConfigurationPlatforms) = postSolution
		{15188D6D-22FF-41CC-B0CB-41B18F530CF6}.Debug|Any CPU.ActiveCfg = Debug|Any CPU
		{15188D6D-22FF-41CC-B0CB-41B18F530CF6}.Debug|Any CPU.Build.0 = Debug|Any CPU
		{15188D6D-22FF-41CC-B0CB-41B18F530CF6}.Release|Any CPU.ActiveCfg = Release|Any CPU
		{15188D6D-22FF-41CC-B0CB-41B18F530CF6}.Release|Any CPU.Build.0 = Release|Any CPU
		{77E8F919-FE54-4916-BAC7-7DBAA2FAA22A}.Debug|Any CPU.ActiveCfg = Debug|Any CPU
		{77E8F919-FE54-4916-BAC7-7DBAA2FAA22A}.Debug|Any CPU.Build.0 = Debug|Any CPU
		{77E8F919-FE54-4916-BAC7-7DBAA2FAA22A}.Debug|Any CPU.Deploy.0 = Debug|Any CPU
		{77E8F919-FE54-4916-BAC7-7DBAA2FAA22A}.Release|Any CPU.ActiveCfg = Release|Any CPU
		{77E8F919-FE54-4916-BAC7-7DBAA2FAA22A}.Release|Any CPU.Build.0 = Release|Any CPU
		{77E8F919-FE54-4916-BAC7-7DBAA2FAA22A}.Release|Any CPU.Deploy.0 = Release|Any CPU
	EndGlobalSection
	GlobalSection(SolutionProperties) = preSolution
		HideSolutionNode = FALSE
	EndGlobalSection
	GlobalSection(ExtensibilityGlobals) = postSolution
		SolutionGuid = {7057D8AB-E0FC-4AE1-B4F8-7B9B89FBBAD8}
	EndGlobalSection
EndGlobal
